// !$*UTF8*$!
{
	archiveVersion = 1;
	classes = {
	};
	objectVersion = 46;
	objects = {

/* Begin PBXBuildFile section */
		C12E8C8B1B5D3A4800B8A384 /* InterfaceController.swift in Sources */ = {isa = PBXBuildFile; fileRef = C12E8C8A1B5D3A4800B8A384 /* InterfaceController.swift */; };
		C12E8C8F1B5D3A4800B8A384 /* Images.xcassets in Resources */ = {isa = PBXBuildFile; fileRef = C12E8C8E1B5D3A4800B8A384 /* Images.xcassets */; };
		C12E8C931B5D3A4900B8A384 /* Calculator WatchKit App.app in Resources */ = {isa = PBXBuildFile; fileRef = C12E8C921B5D3A4900B8A384 /* Calculator WatchKit App.app */; };
		C12E8C9B1B5D3A4900B8A384 /* Interface.storyboard in Resources */ = {isa = PBXBuildFile; fileRef = C12E8C991B5D3A4900B8A384 /* Interface.storyboard */; };
		C12E8C9D1B5D3A4900B8A384 /* Images.xcassets in Resources */ = {isa = PBXBuildFile; fileRef = C12E8C9C1B5D3A4900B8A384 /* Images.xcassets */; };
		C12E8CA01B5D3A4900B8A384 /* Calculator WatchKit Extension.appex in Embed App Extensions */ = {isa = PBXBuildFile; fileRef = C12E8C861B5D3A4800B8A384 /* Calculator WatchKit Extension.appex */; settings = {ATTRIBUTES = (RemoveHeadersOnCopy, ); }; };
		C180ED791B5A5E3700027EEE /* AppDelegate.swift in Sources */ = {isa = PBXBuildFile; fileRef = C180ED781B5A5E3700027EEE /* AppDelegate.swift */; };
		C180ED7B1B5A5E3700027EEE /* ViewController.swift in Sources */ = {isa = PBXBuildFile; fileRef = C180ED7A1B5A5E3700027EEE /* ViewController.swift */; };
		C180ED7E1B5A5E3700027EEE /* Main.storyboard in Resources */ = {isa = PBXBuildFile; fileRef = C180ED7C1B5A5E3700027EEE /* Main.storyboard */; };
		C180ED801B5A5E3700027EEE /* Images.xcassets in Resources */ = {isa = PBXBuildFile; fileRef = C180ED7F1B5A5E3700027EEE /* Images.xcassets */; };
		C180ED831B5A5E3700027EEE /* LaunchScreen.xib in Resources */ = {isa = PBXBuildFile; fileRef = C180ED811B5A5E3700027EEE /* LaunchScreen.xib */; };
		C180ED8F1B5A5E3700027EEE /* CalculatorTests.swift in Sources */ = {isa = PBXBuildFile; fileRef = C180ED8E1B5A5E3700027EEE /* CalculatorTests.swift */; };
		C1E7C6881B5ACF7C003CAF84 /* CalculatorBrain.swift in Sources */ = {isa = PBXBuildFile; fileRef = C1E7C6871B5ACF7C003CAF84 /* CalculatorBrain.swift */; };
/* End PBXBuildFile section */

/* Begin PBXContainerItemProxy section */
		C12E8C941B5D3A4900B8A384 /* PBXContainerItemProxy */ = {
			isa = PBXContainerItemProxy;
			containerPortal = C180ED6B1B5A5E3700027EEE /* Project object */;
			proxyType = 1;
			remoteGlobalIDString = C12E8C911B5D3A4800B8A384;
			remoteInfo = "Calculator WatchKit App";
		};
		C12E8C9E1B5D3A4900B8A384 /* PBXContainerItemProxy */ = {
			isa = PBXContainerItemProxy;
			containerPortal = C180ED6B1B5A5E3700027EEE /* Project object */;
			proxyType = 1;
			remoteGlobalIDString = C12E8C851B5D3A4800B8A384;
			remoteInfo = "Calculator WatchKit Extension";
		};
		C180ED891B5A5E3700027EEE /* PBXContainerItemProxy */ = {
			isa = PBXContainerItemProxy;
			containerPortal = C180ED6B1B5A5E3700027EEE /* Project object */;
			proxyType = 1;
			remoteGlobalIDString = C180ED721B5A5E3700027EEE;
			remoteInfo = Calculator;
		};
/* End PBXContainerItemProxy section */

/* Begin PBXCopyFilesBuildPhase section */
		C12E8CA71B5D3A4900B8A384 /* Embed App Extensions */ = {
			isa = PBXCopyFilesBuildPhase;
			buildActionMask = 2147483647;
			dstPath = "";
			dstSubfolderSpec = 13;
			files = (
				C12E8CA01B5D3A4900B8A384 /* Calculator WatchKit Extension.appex in Embed App Extensions */,
			);
			name = "Embed App Extensions";
			runOnlyForDeploymentPostprocessing = 0;
		};
/* End PBXCopyFilesBuildPhase section */

/* Begin PBXFileReference section */
		C12E8C861B5D3A4800B8A384 /* Calculator WatchKit Extension.appex */ = {isa = PBXFileReference; explicitFileType = "wrapper.app-extension"; includeInIndex = 0; path = "Calculator WatchKit Extension.appex"; sourceTree = BUILT_PRODUCTS_DIR; };
		C12E8C891B5D3A4800B8A384 /* Info.plist */ = {isa = PBXFileReference; lastKnownFileType = text.plist.xml; path = Info.plist; sourceTree = "<group>"; };
		C12E8C8A1B5D3A4800B8A384 /* InterfaceController.swift */ = {isa = PBXFileReference; lastKnownFileType = sourcecode.swift; path = InterfaceController.swift; sourceTree = "<group>"; };
		C12E8C8E1B5D3A4800B8A384 /* Images.xcassets */ = {isa = PBXFileReference; lastKnownFileType = folder.assetcatalog; path = Images.xcassets; sourceTree = "<group>"; };
		C12E8C921B5D3A4900B8A384 /* Calculator WatchKit App.app */ = {isa = PBXFileReference; explicitFileType = wrapper.application; includeInIndex = 0; path = "Calculator WatchKit App.app"; sourceTree = BUILT_PRODUCTS_DIR; };
		C12E8C981B5D3A4900B8A384 /* Info.plist */ = {isa = PBXFileReference; lastKnownFileType = text.plist.xml; path = Info.plist; sourceTree = "<group>"; };
		C12E8C9A1B5D3A4900B8A384 /* Base */ = {isa = PBXFileReference; lastKnownFileType = file.storyboard; name = Base; path = Base.lproj/Interface.storyboard; sourceTree = "<group>"; };
		C12E8C9C1B5D3A4900B8A384 /* Images.xcassets */ = {isa = PBXFileReference; lastKnownFileType = folder.assetcatalog; path = Images.xcassets; sourceTree = "<group>"; };
		C180ED731B5A5E3700027EEE /* Calculator.app */ = {isa = PBXFileReference; explicitFileType = wrapper.application; includeInIndex = 0; path = Calculator.app; sourceTree = BUILT_PRODUCTS_DIR; };
		C180ED771B5A5E3700027EEE /* Info.plist */ = {isa = PBXFileReference; lastKnownFileType = text.plist.xml; path = Info.plist; sourceTree = "<group>"; };
		C180ED781B5A5E3700027EEE /* AppDelegate.swift */ = {isa = PBXFileReference; lastKnownFileType = sourcecode.swift; path = AppDelegate.swift; sourceTree = "<group>"; };
		C180ED7A1B5A5E3700027EEE /* ViewController.swift */ = {isa = PBXFileReference; lastKnownFileType = sourcecode.swift; path = ViewController.swift; sourceTree = "<group>"; };
		C180ED7D1B5A5E3700027EEE /* Base */ = {isa = PBXFileReference; lastKnownFileType = file.storyboard; name = Base; path = Base.lproj/Main.storyboard; sourceTree = "<group>"; };
		C180ED7F1B5A5E3700027EEE /* Images.xcassets */ = {isa = PBXFileReference; lastKnownFileType = folder.assetcatalog; path = Images.xcassets; sourceTree = "<group>"; };
		C180ED821B5A5E3700027EEE /* Base */ = {isa = PBXFileReference; lastKnownFileType = file.xib; name = Base; path = Base.lproj/LaunchScreen.xib; sourceTree = "<group>"; };
		C180ED881B5A5E3700027EEE /* CalculatorTests.xctest */ = {isa = PBXFileReference; explicitFileType = wrapper.cfbundle; includeInIndex = 0; path = CalculatorTests.xctest; sourceTree = BUILT_PRODUCTS_DIR; };
		C180ED8D1B5A5E3700027EEE /* Info.plist */ = {isa = PBXFileReference; lastKnownFileType = text.plist.xml; path = Info.plist; sourceTree = "<group>"; };
		C180ED8E1B5A5E3700027EEE /* CalculatorTests.swift */ = {isa = PBXFileReference; lastKnownFileType = sourcecode.swift; path = CalculatorTests.swift; sourceTree = "<group>"; };
		C1E7C6871B5ACF7C003CAF84 /* CalculatorBrain.swift */ = {isa = PBXFileReference; fileEncoding = 4; lastKnownFileType = sourcecode.swift; path = CalculatorBrain.swift; sourceTree = SOURCE_ROOT; };
/* End PBXFileReference section */

/* Begin PBXFrameworksBuildPhase section */
		C12E8C831B5D3A4800B8A384 /* Frameworks */ = {
			isa = PBXFrameworksBuildPhase;
			buildActionMask = 2147483647;
			files = (
			);
			runOnlyForDeploymentPostprocessing = 0;
		};
		C180ED701B5A5E3700027EEE /* Frameworks */ = {
			isa = PBXFrameworksBuildPhase;
			buildActionMask = 2147483647;
			files = (
			);
			runOnlyForDeploymentPostprocessing = 0;
		};
		C180ED851B5A5E3700027EEE /* Frameworks */ = {
			isa = PBXFrameworksBuildPhase;
			buildActionMask = 2147483647;
			files = (
			);
			runOnlyForDeploymentPostprocessing = 0;
		};
/* End PBXFrameworksBuildPhase section */

/* Begin PBXGroup section */
		C12E8C871B5D3A4800B8A384 /* Calculator WatchKit Extension */ = {
			isa = PBXGroup;
			children = (
				C12E8C8A1B5D3A4800B8A384 /* InterfaceController.swift */,
				C12E8C8E1B5D3A4800B8A384 /* Images.xcassets */,
				C12E8C881B5D3A4800B8A384 /* Supporting Files */,
			);
			path = "Calculator WatchKit Extension";
			sourceTree = "<group>";
		};
		C12E8C881B5D3A4800B8A384 /* Supporting Files */ = {
			isa = PBXGroup;
			children = (
				C12E8C891B5D3A4800B8A384 /* Info.plist */,
			);
			name = "Supporting Files";
			sourceTree = "<group>";
		};
		C12E8C961B5D3A4900B8A384 /* Calculator WatchKit App */ = {
			isa = PBXGroup;
			children = (
				C12E8C991B5D3A4900B8A384 /* Interface.storyboard */,
				C12E8C9C1B5D3A4900B8A384 /* Images.xcassets */,
				C12E8C971B5D3A4900B8A384 /* Supporting Files */,
			);
			path = "Calculator WatchKit App";
			sourceTree = "<group>";
		};
		C12E8C971B5D3A4900B8A384 /* Supporting Files */ = {
			isa = PBXGroup;
			children = (
				C12E8C981B5D3A4900B8A384 /* Info.plist */,
			);
			name = "Supporting Files";
			sourceTree = "<group>";
		};
		C180ED6A1B5A5E3700027EEE = {
			isa = PBXGroup;
			children = (
				C180ED751B5A5E3700027EEE /* Calculator */,
				C180ED8B1B5A5E3700027EEE /* CalculatorTests */,
				C12E8C871B5D3A4800B8A384 /* Calculator WatchKit Extension */,
				C12E8C961B5D3A4900B8A384 /* Calculator WatchKit App */,
				C180ED741B5A5E3700027EEE /* Products */,
			);
			sourceTree = "<group>";
		};
		C180ED741B5A5E3700027EEE /* Products */ = {
			isa = PBXGroup;
			children = (
				C180ED731B5A5E3700027EEE /* Calculator.app */,
				C180ED881B5A5E3700027EEE /* CalculatorTests.xctest */,
				C12E8C861B5D3A4800B8A384 /* Calculator WatchKit Extension.appex */,
				C12E8C921B5D3A4900B8A384 /* Calculator WatchKit App.app */,
			);
			name = Products;
			sourceTree = "<group>";
		};
		C180ED751B5A5E3700027EEE /* Calculator */ = {
			isa = PBXGroup;
			children = (
				C180ED7A1B5A5E3700027EEE /* ViewController.swift */,
				C1E7C6871B5ACF7C003CAF84 /* CalculatorBrain.swift */,
				C180ED781B5A5E3700027EEE /* AppDelegate.swift */,
				C180ED7C1B5A5E3700027EEE /* Main.storyboard */,
				C180ED7F1B5A5E3700027EEE /* Images.xcassets */,
				C180ED811B5A5E3700027EEE /* LaunchScreen.xib */,
				C180ED761B5A5E3700027EEE /* Supporting Files */,
			);
			path = Calculator;
			sourceTree = "<group>";
		};
		C180ED761B5A5E3700027EEE /* Supporting Files */ = {
			isa = PBXGroup;
			children = (
				C180ED771B5A5E3700027EEE /* Info.plist */,
			);
			name = "Supporting Files";
			sourceTree = "<group>";
		};
		C180ED8B1B5A5E3700027EEE /* CalculatorTests */ = {
			isa = PBXGroup;
			children = (
				C180ED8E1B5A5E3700027EEE /* CalculatorTests.swift */,
				C180ED8C1B5A5E3700027EEE /* Supporting Files */,
			);
			path = CalculatorTests;
			sourceTree = "<group>";
		};
		C180ED8C1B5A5E3700027EEE /* Supporting Files */ = {
			isa = PBXGroup;
			children = (
				C180ED8D1B5A5E3700027EEE /* Info.plist */,
			);
			name = "Supporting Files";
			sourceTree = "<group>";
		};
/* End PBXGroup section */

/* Begin PBXNativeTarget section */
		C12E8C851B5D3A4800B8A384 /* Calculator WatchKit Extension */ = {
			isa = PBXNativeTarget;
			buildConfigurationList = C12E8CA61B5D3A4900B8A384 /* Build configuration list for PBXNativeTarget "Calculator WatchKit Extension" */;
			buildPhases = (
				C12E8C821B5D3A4800B8A384 /* Sources */,
				C12E8C831B5D3A4800B8A384 /* Frameworks */,
				C12E8C841B5D3A4800B8A384 /* Resources */,
			);
			buildRules = (
			);
			dependencies = (
				C12E8C951B5D3A4900B8A384 /* PBXTargetDependency */,
			);
			name = "Calculator WatchKit Extension";
			productName = "Calculator WatchKit Extension";
			productReference = C12E8C861B5D3A4800B8A384 /* Calculator WatchKit Extension.appex */;
			productType = "com.apple.product-type.watchkit-extension";
		};
		C12E8C911B5D3A4800B8A384 /* Calculator WatchKit App */ = {
			isa = PBXNativeTarget;
			buildConfigurationList = C12E8CA51B5D3A4900B8A384 /* Build configuration list for PBXNativeTarget "Calculator WatchKit App" */;
			buildPhases = (
				C12E8C901B5D3A4800B8A384 /* Resources */,
			);
			buildRules = (
			);
			dependencies = (
			);
			name = "Calculator WatchKit App";
			productName = "Calculator WatchKit App";
			productReference = C12E8C921B5D3A4900B8A384 /* Calculator WatchKit App.app */;
			productType = "com.apple.product-type.application.watchapp";
		};
		C180ED721B5A5E3700027EEE /* Calculator */ = {
			isa = PBXNativeTarget;
			buildConfigurationList = C180ED921B5A5E3700027EEE /* Build configuration list for PBXNativeTarget "Calculator" */;
			buildPhases = (
				C180ED6F1B5A5E3700027EEE /* Sources */,
				C180ED701B5A5E3700027EEE /* Frameworks */,
				C180ED711B5A5E3700027EEE /* Resources */,
				C12E8CA71B5D3A4900B8A384 /* Embed App Extensions */,
			);
			buildRules = (
			);
			dependencies = (
				C12E8C9F1B5D3A4900B8A384 /* PBXTargetDependency */,
			);
			name = Calculator;
			productName = Calculator;
			productReference = C180ED731B5A5E3700027EEE /* Calculator.app */;
			productType = "com.apple.product-type.application";
		};
		C180ED871B5A5E3700027EEE /* CalculatorTests */ = {
			isa = PBXNativeTarget;
			buildConfigurationList = C180ED951B5A5E3700027EEE /* Build configuration list for PBXNativeTarget "CalculatorTests" */;
			buildPhases = (
				C180ED841B5A5E3700027EEE /* Sources */,
				C180ED851B5A5E3700027EEE /* Frameworks */,
				C180ED861B5A5E3700027EEE /* Resources */,
			);
			buildRules = (
			);
			dependencies = (
				C180ED8A1B5A5E3700027EEE /* PBXTargetDependency */,
			);
			name = CalculatorTests;
			productName = CalculatorTests;
			productReference = C180ED881B5A5E3700027EEE /* CalculatorTests.xctest */;
			productType = "com.apple.product-type.bundle.unit-test";
		};
/* End PBXNativeTarget section */

/* Begin PBXProject section */
		C180ED6B1B5A5E3700027EEE /* Project object */ = {
			isa = PBXProject;
			attributes = {
				LastUpgradeCheck = 0640;
				ORGANIZATIONNAME = "Marta Wozniak";
				TargetAttributes = {
					C12E8C851B5D3A4800B8A384 = {
						CreatedOnToolsVersion = 6.4;
					};
					C12E8C911B5D3A4800B8A384 = {
						CreatedOnToolsVersion = 6.4;
					};
					C180ED721B5A5E3700027EEE = {
						CreatedOnToolsVersion = 6.4;
					};
					C180ED871B5A5E3700027EEE = {
						CreatedOnToolsVersion = 6.4;
						TestTargetID = C180ED721B5A5E3700027EEE;
					};
				};
			};
			buildConfigurationList = C180ED6E1B5A5E3700027EEE /* Build configuration list for PBXProject "Calculator" */;
			compatibilityVersion = "Xcode 3.2";
			developmentRegion = English;
			hasScannedForEncodings = 0;
			knownRegions = (
				en,
				Base,
			);
			mainGroup = C180ED6A1B5A5E3700027EEE;
			productRefGroup = C180ED741B5A5E3700027EEE /* Products */;
			projectDirPath = "";
			projectRoot = "";
			targets = (
				C180ED721B5A5E3700027EEE /* Calculator */,
				C180ED871B5A5E3700027EEE /* CalculatorTests */,
				C12E8C851B5D3A4800B8A384 /* Calculator WatchKit Extension */,
				C12E8C911B5D3A4800B8A384 /* Calculator WatchKit App */,
			);
		};
/* End PBXProject section */

/* Begin PBXResourcesBuildPhase section */
		C12E8C841B5D3A4800B8A384 /* Resources */ = {
			isa = PBXResourcesBuildPhase;
			buildActionMask = 2147483647;
			files = (
				C12E8C931B5D3A4900B8A384 /* Calculator WatchKit App.app in Resources */,
				C12E8C8F1B5D3A4800B8A384 /* Images.xcassets in Resources */,
			);
			runOnlyForDeploymentPostprocessing = 0;
		};
		C12E8C901B5D3A4800B8A384 /* Resources */ = {
			isa = PBXResourcesBuildPhase;
			buildActionMask = 2147483647;
			files = (
				C12E8C9B1B5D3A4900B8A384 /* Interface.storyboard in Resources */,
				C12E8C9D1B5D3A4900B8A384 /* Images.xcassets in Resources */,
			);
			runOnlyForDeploymentPostprocessing = 0;
		};
		C180ED711B5A5E3700027EEE /* Resources */ = {
			isa = PBXResourcesBuildPhase;
			buildActionMask = 2147483647;
			files = (
				C180ED7E1B5A5E3700027EEE /* Main.storyboard in Resources */,
				C180ED831B5A5E3700027EEE /* LaunchScreen.xib in Resources */,
				C180ED801B5A5E3700027EEE /* Images.xcassets in Resources */,
			);
			runOnlyForDeploymentPostprocessing = 0;
		};
		C180ED861B5A5E3700027EEE /* Resources */ = {
			isa = PBXResourcesBuildPhase;
			buildActionMask = 2147483647;
			files = (
			);
			runOnlyForDeploymentPostprocessing = 0;
		};
/* End PBXResourcesBuildPhase section */

/* Begin PBXSourcesBuildPhase section */
		C12E8C821B5D3A4800B8A384 /* Sources */ = {
			isa = PBXSourcesBuildPhase;
			buildActionMask = 2147483647;
			files = (
				C12E8C8B1B5D3A4800B8A384 /* InterfaceController.swift in Sources */,
			);
			runOnlyForDeploymentPostprocessing = 0;
		};
		C180ED6F1B5A5E3700027EEE /* Sources */ = {
			isa = PBXSourcesBuildPhase;
			buildActionMask = 2147483647;
			files = (
				C1E7C6881B5ACF7C003CAF84 /* CalculatorBrain.swift in Sources */,
				C180ED7B1B5A5E3700027EEE /* ViewController.swift in Sources */,
				C180ED791B5A5E3700027EEE /* AppDelegate.swift in Sources */,
			);
			runOnlyForDeploymentPostprocessing = 0;
		};
		C180ED841B5A5E3700027EEE /* Sources */ = {
			isa = PBXSourcesBuildPhase;
			buildActionMask = 2147483647;
			files = (
				C180ED8F1B5A5E3700027EEE /* CalculatorTests.swift in Sources */,
			);
			runOnlyForDeploymentPostprocessing = 0;
		};
/* End PBXSourcesBuildPhase section */

/* Begin PBXTargetDependency section */
		C12E8C951B5D3A4900B8A384 /* PBXTargetDependency */ = {
			isa = PBXTargetDependency;
			target = C12E8C911B5D3A4800B8A384 /* Calculator WatchKit App */;
			targetProxy = C12E8C941B5D3A4900B8A384 /* PBXContainerItemProxy */;
		};
		C12E8C9F1B5D3A4900B8A384 /* PBXTargetDependency */ = {
			isa = PBXTargetDependency;
			target = C12E8C851B5D3A4800B8A384 /* Calculator WatchKit Extension */;
			targetProxy = C12E8C9E1B5D3A4900B8A384 /* PBXContainerItemProxy */;
		};
		C180ED8A1B5A5E3700027EEE /* PBXTargetDependency */ = {
			isa = PBXTargetDependency;
			target = C180ED721B5A5E3700027EEE /* Calculator */;
			targetProxy = C180ED891B5A5E3700027EEE /* PBXContainerItemProxy */;
		};
/* End PBXTargetDependency section */

/* Begin PBXVariantGroup section */
		C12E8C991B5D3A4900B8A384 /* Interface.storyboard */ = {
			isa = PBXVariantGroup;
			children = (
				C12E8C9A1B5D3A4900B8A384 /* Base */,
			);
			name = Interface.storyboard;
			sourceTree = "<group>";
		};
		C180ED7C1B5A5E3700027EEE /* Main.storyboard */ = {
			isa = PBXVariantGroup;
			children = (
				C180ED7D1B5A5E3700027EEE /* Base */,
			);
			name = Main.storyboard;
			sourceTree = "<group>";
		};
		C180ED811B5A5E3700027EEE /* LaunchScreen.xib */ = {
			isa = PBXVariantGroup;
			children = (
				C180ED821B5A5E3700027EEE /* Base */,
			);
			name = LaunchScreen.xib;
			sourceTree = "<group>";
		};
/* End PBXVariantGroup section */

/* Begin XCBuildConfiguration section */
		C12E8CA11B5D3A4900B8A384 /* Debug */ = {
			isa = XCBuildConfiguration;
			buildSettings = {
				GCC_PREPROCESSOR_DEFINITIONS = (
					"DEBUG=1",
					"$(inherited)",
				);
				INFOPLIST_FILE = "Calculator WatchKit Extension/Info.plist";
				LD_RUNPATH_SEARCH_PATHS = "$(inherited) @executable_path/Frameworks @executable_path/../../Frameworks";
				PRODUCT_NAME = "${TARGET_NAME}";
				SKIP_INSTALL = YES;
			};
			name = Debug;
		};
		C12E8CA21B5D3A4900B8A384 /* Release */ = {
			isa = XCBuildConfiguration;
			buildSettings = {
				INFOPLIST_FILE = "Calculator WatchKit Extension/Info.plist";
				LD_RUNPATH_SEARCH_PATHS = "$(inherited) @executable_path/Frameworks @executable_path/../../Frameworks";
				PRODUCT_NAME = "${TARGET_NAME}";
				SKIP_INSTALL = YES;
			};
			name = Release;
		};
		C12E8CA31B5D3A4900B8A384 /* Debug */ = {
			isa = XCBuildConfiguration;
			buildSettings = {
				ASSETCATALOG_COMPILER_APPICON_NAME = AppIcon;
				GCC_PREPROCESSOR_DEFINITIONS = (
					"DEBUG=1",
					"$(inherited)",
				);
				IBSC_MODULE = Calculator_WatchKit_Extension;
				INFOPLIST_FILE = "Calculator WatchKit App/Info.plist";
				IPHONEOS_DEPLOYMENT_TARGET = 8.2;
				PRODUCT_NAME = "$(TARGET_NAME)";
				SKIP_INSTALL = YES;
				TARGETED_DEVICE_FAMILY = 4;
				"TARGETED_DEVICE_FAMILY[sdk=iphonesimulator*]" = "1,4";
			};
			name = Debug;
		};
		C12E8CA41B5D3A4900B8A384 /* Release */ = {
			isa = XCBuildConfiguration;
			buildSettings = {
				ASSETCATALOG_COMPILER_APPICON_NAME = AppIcon;
				IBSC_MODULE = Calculator_WatchKit_Extension;
				INFOPLIST_FILE = "Calculator WatchKit App/Info.plist";
				IPHONEOS_DEPLOYMENT_TARGET = 8.2;
				PRODUCT_NAME = "$(TARGET_NAME)";
				SKIP_INSTALL = YES;
				TARGETED_DEVICE_FAMILY = 4;
				"TARGETED_DEVICE_FAMILY[sdk=iphonesimulator*]" = "1,4";
			};
			name = Release;
		};
		C180ED901B5A5E3700027EEE /* Debug */ = {
			isa = XCBuildConfiguration;
			buildSettings = {
				ALWAYS_SEARCH_USER_PATHS = NO;
				CLANG_CXX_LANGUAGE_STANDARD = "gnu++0x";
				CLANG_CXX_LIBRARY = "libc++";
				CLANG_ENABLE_MODULES = YES;
				CLANG_ENABLE_OBJC_ARC = YES;
				CLANG_WARN_BOOL_CONVERSION = YES;
				CLANG_WARN_CONSTANT_CONVERSION = YES;
				CLANG_WARN_DIRECT_OBJC_ISA_USAGE = YES_ERROR;
				CLANG_WARN_EMPTY_BODY = YES;
				CLANG_WARN_ENUM_CONVERSION = YES;
				CLANG_WARN_INT_CONVERSION = YES;
				CLANG_WARN_OBJC_ROOT_CLASS = YES_ERROR;
				CLANG_WARN_UNREACHABLE_CODE = YES;
				CLANG_WARN__DUPLICATE_METHOD_MATCH = YES;
				"CODE_SIGN_IDENTITY[sdk=iphoneos*]" = "iPhone Developer";
				COPY_PHASE_STRIP = NO;
				DEBUG_INFORMATION_FORMAT = "dwarf-with-dsym";
				ENABLE_STRICT_OBJC_MSGSEND = YES;
				GCC_C_LANGUAGE_STANDARD = gnu99;
				GCC_DYNAMIC_NO_PIC = NO;
				GCC_NO_COMMON_BLOCKS = YES;
				GCC_OPTIMIZATION_LEVEL = 0;
				GCC_PREPROCESSOR_DEFINITIONS = (
					"DEBUG=1",
					"$(inherited)",
				);
				GCC_SYMBOLS_PRIVATE_EXTERN = NO;
				GCC_WARN_64_TO_32_BIT_CONVERSION = YES;
				GCC_WARN_ABOUT_RETURN_TYPE = YES_ERROR;
				GCC_WARN_UNDECLARED_SELECTOR = YES;
				GCC_WARN_UNINITIALIZED_AUTOS = YES_AGGRESSIVE;
				GCC_WARN_UNUSED_FUNCTION = YES;
				GCC_WARN_UNUSED_VARIABLE = YES;
				IPHONEOS_DEPLOYMENT_TARGET = 8.4;
				MTL_ENABLE_DEBUG_INFO = YES;
				ONLY_ACTIVE_ARCH = YES;
				SDKROOT = iphoneos;
				SWIFT_OPTIMIZATION_LEVEL = "-Onone";
				TARGETED_DEVICE_FAMILY = "1,2";
			};
			name = Debug;
		};
		C180ED911B5A5E3700027EEE /* Release */ = {
			isa = XCBuildConfiguration;
			buildSettings = {
				ALWAYS_SEARCH_USER_PATHS = NO;
				CLANG_CXX_LANGUAGE_STANDARD = "gnu++0x";
				CLANG_CXX_LIBRARY = "libc++";
				CLANG_ENABLE_MODULES = YES;
				CLANG_ENABLE_OBJC_ARC = YES;
				CLANG_WARN_BOOL_CONVERSION = YES;
				CLANG_WARN_CONSTANT_CONVERSION = YES;
				CLANG_WARN_DIRECT_OBJC_ISA_USAGE = YES_ERROR;
				CLANG_WARN_EMPTY_BODY = YES;
				CLANG_WARN_ENUM_CONVERSION = YES;
				CLANG_WARN_INT_CONVERSION = YES;
				CLANG_WARN_OBJC_ROOT_CLASS = YES_ERROR;
				CLANG_WARN_UNREACHABLE_CODE = YES;
				CLANG_WARN__DUPLICATE_METHOD_MATCH = YES;
				"CODE_SIGN_IDENTITY[sdk=iphoneos*]" = "iPhone Developer";
				COPY_PHASE_STRIP = NO;
				DEBUG_INFORMATION_FORMAT = "dwarf-with-dsym";
				ENABLE_NS_ASSERTIONS = NO;
				ENABLE_STRICT_OBJC_MSGSEND = YES;
				GCC_C_LANGUAGE_STANDARD = gnu99;
				GCC_NO_COMMON_BLOCKS = YES;
				GCC_WARN_64_TO_32_BIT_CONVERSION = YES;
				GCC_WARN_ABOUT_RETURN_TYPE = YES_ERROR;
				GCC_WARN_UNDECLARED_SELECTOR = YES;
				GCC_WARN_UNINITIALIZED_AUTOS = YES_AGGRESSIVE;
				GCC_WARN_UNUSED_FUNCTION = YES;
				GCC_WARN_UNUSED_VARIABLE = YES;
				IPHONEOS_DEPLOYMENT_TARGET = 8.4;
				MTL_ENABLE_DEBUG_INFO = NO;
				SDKROOT = iphoneos;
				TARGETED_DEVICE_FAMILY = "1,2";
				VALIDATE_PRODUCT = YES;
			};
			name = Release;
		};
		C180ED931B5A5E3700027EEE /* Debug */ = {
			isa = XCBuildConfiguration;
			buildSettings = {
				ASSETCATALOG_COMPILER_APPICON_NAME = AppIcon;
				INFOPLIST_FILE = Calculator/Info.plist;
				LD_RUNPATH_SEARCH_PATHS = "$(inherited) @executable_path/Frameworks";
				PRODUCT_NAME = "$(TARGET_NAME)";
			};
			name = Debug;
		};
		C180ED941B5A5E3700027EEE /* Release */ = {
			isa = XCBuildConfiguration;
			buildSettings = {
				ASSETCATALOG_COMPILER_APPICON_NAME = AppIcon;
				INFOPLIST_FILE = Calculator/Info.plist;
				LD_RUNPATH_SEARCH_PATHS = "$(inherited) @executable_path/Frameworks";
				PRODUCT_NAME = "$(TARGET_NAME)";
			};
			name = Release;
		};
		C180ED961B5A5E3700027EEE /* Debug */ = {
			isa = XCBuildConfiguration;
			buildSettings = {
				BUNDLE_LOADER = "$(TEST_HOST)";
				FRAMEWORK_SEARCH_PATHS = (
					"$(SDKROOT)/Developer/Library/Frameworks",
					"$(inherited)",
				);
				GCC_PREPROCESSOR_DEFINITIONS = (
					"DEBUG=1",
					"$(inherited)",
				);
				INFOPLIST_FILE = CalculatorTests/Info.plist;
				LD_RUNPATH_SEARCH_PATHS = "$(inherited) @executable_path/Frameworks @loader_path/Frameworks";
				PRODUCT_NAME = "$(TARGET_NAME)";
				TEST_HOST = "$(BUILT_PRODUCTS_DIR)/Calculator.app/Calculator";
			};
			name = Debug;
		};
		C180ED971B5A5E3700027EEE /* Release */ = {
			isa = XCBuildConfiguration;
			buildSettings = {
				BUNDLE_LOADER = "$(TEST_HOST)";
				FRAMEWORK_SEARCH_PATHS = (
					"$(SDKROOT)/Developer/Library/Frameworks",
					"$(inherited)",
				);
				INFOPLIST_FILE = CalculatorTests/Info.plist;
				LD_RUNPATH_SEARCH_PATHS = "$(inherited) @executable_path/Frameworks @loader_path/Frameworks";
				PRODUCT_NAME = "$(TARGET_NAME)";
				TEST_HOST = "$(BUILT_PRODUCTS_DIR)/Calculator.app/Calculator";
			};
			name = Release;
		};
/* End XCBuildConfiguration section */

/* Begin XCConfigurationList section */
		C12E8CA51B5D3A4900B8A384 /* Build configuration list for PBXNativeTarget "Calculator WatchKit App" */ = {
			isa = XCConfigurationList;
			buildConfigurations = (
				C12E8CA31B5D3A4900B8A384 /* Debug */,
				C12E8CA41B5D3A4900B8A384 /* Release */,
			);
			defaultConfigurationIsVisible = 0;
		};
		C12E8CA61B5D3A4900B8A384 /* Build configuration list for PBXNativeTarget "Calculator WatchKit Extension" */ = {
			isa = XCConfigurationList;
			buildConfigurations = (
				C12E8CA11B5D3A4900B8A384 /* Debug */,
				C12E8CA21B5D3A4900B8A384 /* Release */,
			);
			defaultConfigurationIsVisible = 0;
		};
		C180ED6E1B5A5E3700027EEE /* Build configuration list for PBXProject "Calculator" */ = {
			isa = XCConfigurationList;
			buildConfigurations = (
				C180ED901B5A5E3700027EEE /* Debug */,
				C180ED911B5A5E3700027EEE /* Release */,
			);
			defaultConfigurationIsVisible = 0;
			defaultConfigurationName = Release;
		};
		C180ED921B5A5E3700027EEE /* Build configuration list for PBXNativeTarget "Calculator" */ = {
			isa = XCConfigurationList;
			buildConfigurations = (
				C180ED931B5A5E3700027EEE /* Debug */,
				C180ED941B5A5E3700027EEE /* Release */,
			);
			defaultConfigurationIsVisible = 0;
			defaultConfigurationName = Release;
		};
		C180ED951B5A5E3700027EEE /* Build configuration list for PBXNativeTarget "CalculatorTests" */ = {
			isa = XCConfigurationList;
			buildConfigurations = (
				C180ED961B5A5E3700027EEE /* Debug */,
				C180ED971B5A5E3700027EEE /* Release */,
			);
			defaultConfigurationIsVisible = 0;
			defaultConfigurationName = Release;
		};
/* End XCConfigurationList section */
	};
	rootObject = C180ED6B1B5A5E3700027EEE /* Project object */;
}
